#MicroXplorer Configuration settings - do not modify
ADC1.Channel-15\#ChannelRegularConversion=ADC_CHANNEL_2
ADC1.Channel-16\#ChannelRegularConversion=ADC_CHANNEL_3
ADC1.Channel-17\#ChannelRegularConversion=ADC_CHANNEL_4
ADC1.Channel-18\#ChannelRegularConversion=ADC_CHANNEL_5
ADC1.Channel-19\#ChannelRegularConversion=ADC_CHANNEL_6
ADC1.Channel-20\#ChannelRegularConversion=ADC_CHANNEL_8
ADC1.Channel-21\#ChannelRegularConversion=ADC_CHANNEL_9
ADC1.Channel-22\#ChannelRegularConversion=ADC_CHANNEL_10
ADC1.Channel-23\#ChannelRegularConversion=ADC_CHANNEL_11
ADC1.Channel-24\#ChannelRegularConversion=ADC_CHANNEL_12
ADC1.Channel-25\#ChannelRegularConversion=ADC_CHANNEL_13
ADC1.Channel-26\#ChannelRegularConversion=ADC_CHANNEL_14
ADC1.ContinuousConvMode=ENABLE
ADC1.DMAContinuousRequests=ENABLE
ADC1.IPParameters=Rank-15\#ChannelRegularConversion,Channel-15\#ChannelRegularConversion,SamplingTime-15\#ChannelRegularConversion,NbrOfConversionFlag,master,ScanConvMode,ContinuousConvMode,DMAContinuousRequests,NbrOfConversion,Rank-16\#ChannelRegularConversion,Channel-16\#ChannelRegularConversion,SamplingTime-16\#ChannelRegularConversion,Rank-17\#ChannelRegularConversion,Channel-17\#ChannelRegularConversion,SamplingTime-17\#ChannelRegularConversion,Rank-18\#ChannelRegularConversion,Channel-18\#ChannelRegularConversion,SamplingTime-18\#ChannelRegularConversion,Rank-19\#ChannelRegularConversion,Channel-19\#ChannelRegularConversion,SamplingTime-19\#ChannelRegularConversion,Rank-20\#ChannelRegularConversion,Channel-20\#ChannelRegularConversion,SamplingTime-20\#ChannelRegularConversion,Rank-21\#ChannelRegularConversion,Channel-21\#ChannelRegularConversion,SamplingTime-21\#ChannelRegularConversion,Rank-22\#ChannelRegularConversion,Channel-22\#ChannelRegularConversion,SamplingTime-22\#ChannelRegularConversion,Rank-23\#ChannelRegularConversion,Channel-23\#ChannelRegularConversion,SamplingTime-23\#ChannelRegularConversion,Rank-24\#ChannelRegularConversion,Channel-24\#ChannelRegularConversion,SamplingTime-24\#ChannelRegularConversion,Rank-25\#ChannelRegularConversion,Channel-25\#ChannelRegularConversion,SamplingTime-25\#ChannelRegularConversion,Rank-26\#ChannelRegularConversion,Channel-26\#ChannelRegularConversion,SamplingTime-26\#ChannelRegularConversion,Resolution
ADC1.NbrOfConversion=12
ADC1.NbrOfConversionFlag=1
ADC1.Rank-15\#ChannelRegularConversion=1
ADC1.Rank-16\#ChannelRegularConversion=2
ADC1.Rank-17\#ChannelRegularConversion=3
ADC1.Rank-18\#ChannelRegularConversion=4
ADC1.Rank-19\#ChannelRegularConversion=5
ADC1.Rank-20\#ChannelRegularConversion=6
ADC1.Rank-21\#ChannelRegularConversion=7
ADC1.Rank-22\#ChannelRegularConversion=8
ADC1.Rank-23\#ChannelRegularConversion=9
ADC1.Rank-24\#ChannelRegularConversion=10
ADC1.Rank-25\#ChannelRegularConversion=11
ADC1.Rank-26\#ChannelRegularConversion=12
ADC1.Resolution=ADC_RESOLUTION_8B
ADC1.SamplingTime-15\#ChannelRegularConversion=ADC_SAMPLETIME_480CYCLES
ADC1.SamplingTime-16\#ChannelRegularConversion=ADC_SAMPLETIME_480CYCLES
ADC1.SamplingTime-17\#ChannelRegularConversion=ADC_SAMPLETIME_480CYCLES
ADC1.SamplingTime-18\#ChannelRegularConversion=ADC_SAMPLETIME_480CYCLES
ADC1.SamplingTime-19\#ChannelRegularConversion=ADC_SAMPLETIME_480CYCLES
ADC1.SamplingTime-20\#ChannelRegularConversion=ADC_SAMPLETIME_480CYCLES
ADC1.SamplingTime-21\#ChannelRegularConversion=ADC_SAMPLETIME_480CYCLES
ADC1.SamplingTime-22\#ChannelRegularConversion=ADC_SAMPLETIME_480CYCLES
ADC1.SamplingTime-23\#ChannelRegularConversion=ADC_SAMPLETIME_480CYCLES
ADC1.SamplingTime-24\#ChannelRegularConversion=ADC_SAMPLETIME_480CYCLES
ADC1.SamplingTime-25\#ChannelRegularConversion=ADC_SAMPLETIME_480CYCLES
ADC1.SamplingTime-26\#ChannelRegularConversion=ADC_SAMPLETIME_480CYCLES
ADC1.ScanConvMode=ENABLE
ADC1.master=1
Dma.ADC1.0.Direction=DMA_PERIPH_TO_MEMORY
Dma.ADC1.0.FIFOMode=DMA_FIFOMODE_DISABLE
Dma.ADC1.0.Instance=DMA2_Stream0
Dma.ADC1.0.MemDataAlignment=DMA_MDATAALIGN_WORD
Dma.ADC1.0.MemInc=DMA_MINC_ENABLE
Dma.ADC1.0.Mode=DMA_CIRCULAR
Dma.ADC1.0.PeriphDataAlignment=DMA_PDATAALIGN_WORD
Dma.ADC1.0.PeriphInc=DMA_PINC_DISABLE
Dma.ADC1.0.Priority=DMA_PRIORITY_HIGH
Dma.ADC1.0.RequestParameters=Instance,Direction,PeriphInc,MemInc,PeriphDataAlignment,MemDataAlignment,Mode,Priority,FIFOMode
Dma.Request0=ADC1
Dma.RequestsNb=1
File.Version=6
KeepUserPlacement=false
Mcu.Family=STM32F4
Mcu.IP0=ADC1
Mcu.IP1=DMA
Mcu.IP10=USART3
Mcu.IP2=NVIC
Mcu.IP3=RCC
Mcu.IP4=SYS
Mcu.IP5=TIM1
Mcu.IP6=TIM7
Mcu.IP7=TIM9
Mcu.IP8=USART1
Mcu.IP9=USART2
Mcu.IPNb=11
Mcu.Name=STM32F407V(E-G)Tx
Mcu.Package=LQFP100
Mcu.Pin0=PE2
Mcu.Pin1=PE4
Mcu.Pin10=PA2
Mcu.Pin11=PA3
Mcu.Pin12=PA4
Mcu.Pin13=PA5
Mcu.Pin14=PA6
Mcu.Pin15=PC4
Mcu.Pin16=PB0
Mcu.Pin17=PB1
Mcu.Pin18=PE8
Mcu.Pin19=PE9
Mcu.Pin2=PE5
Mcu.Pin20=PE10
Mcu.Pin21=PE11
Mcu.Pin22=PB10
Mcu.Pin23=PB11
Mcu.Pin24=PB15
Mcu.Pin25=PD8
Mcu.Pin26=PD9
Mcu.Pin27=PD10
Mcu.Pin28=PC9
Mcu.Pin29=PA9
Mcu.Pin3=PE6
Mcu.Pin30=PA10
Mcu.Pin31=PA13
Mcu.Pin32=PA14
Mcu.Pin33=PC10
Mcu.Pin34=PC11
Mcu.Pin35=PC12
Mcu.Pin36=PD0
Mcu.Pin37=PD1
Mcu.Pin38=PD2
Mcu.Pin39=PD3
Mcu.Pin4=PH0-OSC_IN
Mcu.Pin40=PD4
Mcu.Pin41=PD5
Mcu.Pin42=PD6
Mcu.Pin43=PB8
Mcu.Pin44=PB9
Mcu.Pin45=PE0
Mcu.Pin46=PE1
Mcu.Pin47=VP_SYS_VS_Systick
Mcu.Pin48=VP_TIM1_VS_ClockSourceINT
Mcu.Pin49=VP_TIM7_VS_ClockSourceINT
Mcu.Pin5=PH1-OSC_OUT
Mcu.Pin50=VP_TIM9_VS_ClockSourceINT
Mcu.Pin6=PC0
Mcu.Pin7=PC1
Mcu.Pin8=PC2
Mcu.Pin9=PC3
Mcu.PinsNb=51
Mcu.ThirdPartyNb=0
Mcu.UserConstants=
Mcu.UserName=STM32F407VETx
MxCube.Version=5.0.1
MxDb.Version=DB.5.0.1
NVIC.BusFault_IRQn=true\:0\:0\:false\:false\:true\:false
NVIC.DMA2_Stream0_IRQn=true\:0\:0\:false\:true\:true\:4\:false
NVIC.DebugMonitor_IRQn=true\:0\:0\:false\:false\:true\:false
NVIC.HardFault_IRQn=true\:0\:0\:false\:false\:true\:false
NVIC.MemoryManagement_IRQn=true\:0\:0\:false\:false\:true\:false
NVIC.NonMaskableInt_IRQn=true\:0\:0\:false\:false\:true\:false
NVIC.PendSV_IRQn=true\:0\:0\:false\:false\:true\:false
NVIC.PriorityGroup=NVIC_PRIORITYGROUP_4
NVIC.SVCall_IRQn=true\:0\:0\:false\:false\:true\:false
NVIC.SysTick_IRQn=true\:0\:0\:true\:false\:true\:false
NVIC.TIM7_IRQn=true\:0\:0\:false\:true\:true\:3\:true
NVIC.UsageFault_IRQn=true\:0\:0\:false\:false\:true\:false
PA10.GPIOParameters=GPIO_Label
PA10.GPIO_Label=Debug_RX
PA10.Mode=Asynchronous
PA10.Signal=USART1_RX
PA13.Mode=Serial_Wire
PA13.Signal=SYS_JTMS-SWDIO
PA14.Mode=Serial_Wire
PA14.Signal=SYS_JTCK-SWCLK
PA2.GPIOParameters=GPIO_Label
PA2.GPIO_Label=Front_Sensor_1
PA2.Signal=ADCx_IN2
PA3.GPIOParameters=GPIO_Label
PA3.GPIO_Label=Front_Sensor_2
PA3.Signal=ADCx_IN3
PA4.GPIOParameters=GPIO_Label
PA4.GPIO_Label=Front_Sensor_3
PA4.Signal=ADCx_IN4
PA5.GPIOParameters=GPIO_Label
PA5.GPIO_Label=Front_Sensor_4
PA5.Signal=ADCx_IN5
PA6.GPIOParameters=GPIO_Label
PA6.GPIO_Label=Front_Sensor_5
PA6.Signal=ADCx_IN6
PA9.GPIOParameters=GPIO_Label
PA9.GPIO_Label=Debug_TX
PA9.Mode=Asynchronous
PA9.Signal=USART1_TX
PB0.GPIOParameters=GPIO_Label
PB0.GPIO_Label=Front_Sensor_6
PB0.Signal=ADCx_IN8
PB1.GPIOParameters=GPIO_Label
PB1.GPIO_Label=Front_Sensor_7
PB1.Signal=ADCx_IN9
PB10.GPIOParameters=GPIO_Label
PB10.GPIO_Label=MPU6050_TX
PB10.Mode=Asynchronous
PB10.Signal=USART3_TX
PB11.GPIOParameters=GPIO_Label
PB11.GPIO_Label=MPU6050_RX
PB11.Mode=Asynchronous
PB11.Signal=USART3_RX
PB15.GPIOParameters=GPIO_Label
PB15.GPIO_Label=Right_Sensor_2
PB15.Locked=true
PB15.Signal=GPIO_Input
PB8.GPIOParameters=GPIO_Label
PB8.GPIO_Label=LED_9
PB8.Locked=true
PB8.Signal=GPIO_Output
PB9.GPIOParameters=GPIO_Label
PB9.GPIO_Label=LED_10
PB9.Locked=true
PB9.Signal=GPIO_Output
PC0.GPIOParameters=GPIO_Label
PC0.GPIO_Label=Front_Sensor_8
PC0.Signal=ADCx_IN10
PC1.GPIOParameters=GPIO_Label
PC1.GPIO_Label=Front_Sensor_9
PC1.Signal=ADCx_IN11
PC10.GPIOParameters=GPIO_Label
PC10.GPIO_Label=LED_1
PC10.Locked=true
PC10.Signal=GPIO_Output
PC11.GPIOParameters=GPIO_Label
PC11.GPIO_Label=LED_2
PC11.Locked=true
PC11.Signal=GPIO_Output
PC12.GPIOParameters=GPIO_Label
PC12.GPIO_Label=LED_3
PC12.Locked=true
PC12.Signal=GPIO_Output
PC2.GPIOParameters=GPIO_Label
PC2.GPIO_Label=Front_Sensor_10
PC2.Signal=ADCx_IN12
PC3.GPIOParameters=GPIO_Label
PC3.GPIO_Label=Front_Sensor_11
PC3.Signal=ADCx_IN13
PC4.GPIOParameters=GPIO_Label
PC4.GPIO_Label=Front_Sensor_12
PC4.Signal=ADCx_IN14
PC9.GPIOParameters=GPIO_Label
PC9.GPIO_Label=Obstacle
PC9.Locked=true
PC9.Signal=GPIO_Input
PCC.Checker=false
PCC.Line=STM32F407/417
PCC.MCU=STM32F407V(E-G)Tx
PCC.PartNumber=STM32F407VETx
PCC.Seq0=0
PCC.Series=STM32F4
PCC.Temperature=25
PCC.Vdd=3.3
PD0.GPIOParameters=GPIO_Label
PD0.GPIO_Label=LED_4
PD0.Signal=GPIO_Output
PD1.GPIOParameters=GPIO_Label
PD1.GPIO_Label=LED_5
PD1.Locked=true
PD1.Signal=GPIO_Output
PD10.GPIOParameters=GPIO_Label
PD10.GPIO_Label=Left_Sensor_1
PD10.Locked=true
PD10.Signal=GPIO_Input
PD2.GPIOParameters=GPIO_Label
PD2.GPIO_Label=LED_6
PD2.Locked=true
PD2.Signal=GPIO_Output
PD3.GPIOParameters=GPIO_Label
PD3.GPIO_Label=LED_7
PD3.Locked=true
PD3.Signal=GPIO_Output
PD4.GPIOParameters=GPIO_Label
PD4.GPIO_Label=LED_8
PD4.Locked=true
PD4.Signal=GPIO_Output
PD5.GPIOParameters=GPIO_Label
PD5.GPIO_Label=Compass_TX
PD5.Mode=Asynchronous
PD5.Signal=USART2_TX
PD6.GPIOParameters=GPIO_Label
PD6.GPIO_Label=Compass_RX
PD6.Mode=Asynchronous
PD6.Signal=USART2_RX
PD8.GPIOParameters=GPIO_Label
PD8.GPIO_Label=Right_Sensor_1
PD8.Locked=true
PD8.Signal=GPIO_Input
PD9.GPIOParameters=GPIO_Label
PD9.GPIO_Label=Left_Sensor_2
PD9.Locked=true
PD9.Signal=GPIO_Input
PE0.GPIOParameters=GPIO_Label
PE0.GPIO_Label=LED_11
PE0.Locked=true
PE0.Signal=GPIO_Output
PE1.GPIOParameters=GPIO_Label
PE1.GPIO_Label=LED_12
PE1.Locked=true
PE1.Signal=GPIO_Output
PE10.GPIOParameters=GPIO_Speed,GPIO_Label
PE10.GPIO_Label=Driver_IN4
PE10.GPIO_Speed=GPIO_SPEED_FREQ_VERY_HIGH
PE10.Mode=PWM Generation2 CH2 CH2N
PE10.Signal=TIM1_CH2N
PE11.GPIOParameters=GPIO_Speed,GPIO_Label
PE11.GPIO_Label=Driver_IN3
PE11.GPIO_Speed=GPIO_SPEED_FREQ_VERY_HIGH
PE11.Signal=S_TIM1_CH2
PE2.GPIOParameters=GPIO_Label
PE2.GPIO_Label=Buzzer_Signal
PE2.Locked=true
PE2.Signal=GPIO_Output
PE4.GPIOParameters=GPIO_Label
PE4.GPIO_Label=Buzzer
PE4.Locked=true
PE4.Signal=GPIO_Output
PE5.GPIOParameters=GPIO_Speed,GPIO_Label
PE5.GPIO_Label=Servo_1
PE5.GPIO_Speed=GPIO_SPEED_FREQ_HIGH
PE5.Signal=S_TIM9_CH1
PE6.GPIOParameters=GPIO_Label
PE6.GPIO_Label=Servo_2
PE6.Signal=S_TIM9_CH2
PE8.GPIOParameters=GPIO_Speed,GPIO_Label
PE8.GPIO_Label=Driver_IN2
PE8.GPIO_Speed=GPIO_SPEED_FREQ_VERY_HIGH
PE8.Mode=PWM Generation1 CH1 CH1N
PE8.Signal=TIM1_CH1N
PE9.GPIOParameters=GPIO_Speed,GPIO_Label
PE9.GPIO_Label=Driver_IN1
PE9.GPIO_Speed=GPIO_SPEED_FREQ_VERY_HIGH
PE9.Signal=S_TIM1_CH1
PH0-OSC_IN.Mode=HSE-External-Oscillator
PH0-OSC_IN.Signal=RCC_OSC_IN
PH1-OSC_OUT.Mode=HSE-External-Oscillator
PH1-OSC_OUT.Signal=RCC_OSC_OUT
PinOutPanel.RotationAngle=0
ProjectManager.AskForMigrate=true
ProjectManager.BackupPrevious=false
ProjectManager.CompilerOptimize=6
ProjectManager.ComputerToolchain=false
ProjectManager.CoupleFile=false
ProjectManager.CustomerFirmwarePackage=
ProjectManager.DefaultFWLocation=true
ProjectManager.DeletePrevious=true
ProjectManager.DeviceId=STM32F407VETx
ProjectManager.FirmwarePackage=STM32Cube FW_F4 V1.23.0
ProjectManager.FreePins=false
ProjectManager.HalAssertFull=false
ProjectManager.HeapSize=0x200
ProjectManager.KeepUserCode=true
ProjectManager.LastFirmware=true
ProjectManager.LibraryCopy=0
ProjectManager.MainLocation=Src
ProjectManager.NoMain=false
ProjectManager.PreviousToolchain=
ProjectManager.ProjectBuild=false
ProjectManager.ProjectFileName=Project.ioc
ProjectManager.ProjectName=Project
ProjectManager.StackSize=0x400
ProjectManager.TargetToolchain=MDK-ARM V5
ProjectManager.ToolChainLocation=
ProjectManager.UnderRoot=false
ProjectManager.functionlistsort=1-MX_GPIO_Init-GPIO-false-HAL-true,2-MX_DMA_Init-DMA-false-HAL-true,3-SystemClock_Config-RCC-false-HAL-false,4-MX_TIM1_Init-TIM1-false-HAL-true,5-MX_TIM7_Init-TIM7-false-HAL-true,6-MX_USART1_UART_Init-USART1-false-HAL-true,7-MX_USART2_UART_Init-USART2-false-HAL-true,8-MX_USART3_UART_Init-USART3-false-HAL-true,9-MX_TIM9_Init-TIM9-false-HAL-true,10-MX_ADC1_Init-ADC1-false-HAL-true
RCC.48MHZClocksFreq_Value=84000000
RCC.AHBFreq_Value=168000000
RCC.APB1CLKDivider=RCC_HCLK_DIV4
RCC.APB1Freq_Value=42000000
RCC.APB1TimFreq_Value=84000000
RCC.APB2CLKDivider=RCC_HCLK_DIV2
RCC.APB2Freq_Value=84000000
RCC.APB2TimFreq_Value=168000000
RCC.CortexFreq_Value=168000000
RCC.EnbaleCSS=true
RCC.EthernetFreq_Value=168000000
RCC.FCLKCortexFreq_Value=168000000
RCC.FamilyName=M
RCC.HCLKFreq_Value=168000000
RCC.HSE_VALUE=8000000
RCC.HSI_VALUE=16000000
RCC.I2SClocksFreq_Value=96000000
RCC.IPParameters=48MHZClocksFreq_Value,AHBFreq_Value,APB1CLKDivider,APB1Freq_Value,APB1TimFreq_Value,APB2CLKDivider,APB2Freq_Value,APB2TimFreq_Value,CortexFreq_Value,EnbaleCSS,EthernetFreq_Value,FCLKCortexFreq_Value,FamilyName,HCLKFreq_Value,HSE_VALUE,HSI_VALUE,I2SClocksFreq_Value,LSE_VALUE,LSI_VALUE,MCO2PinFreq_Value,PLLCLKFreq_Value,PLLM,PLLN,PLLQCLKFreq_Value,PLLSourceVirtual,RTCFreq_Value,RTCHSEDivFreq_Value,SYSCLKFreq_VALUE,SYSCLKSource,VCOI2SOutputFreq_Value,VCOInputFreq_Value,VCOOutputFreq_Value,VcooutputI2S
RCC.LSE_VALUE=32768
RCC.LSI_VALUE=32000
RCC.MCO2PinFreq_Value=168000000
RCC.PLLCLKFreq_Value=168000000
RCC.PLLM=8
RCC.PLLN=336
RCC.PLLQCLKFreq_Value=84000000
RCC.PLLSourceVirtual=RCC_PLLSOURCE_HSE
RCC.RTCFreq_Value=32000
RCC.RTCHSEDivFreq_Value=4000000
RCC.SYSCLKFreq_VALUE=168000000
RCC.SYSCLKSource=RCC_SYSCLKSOURCE_PLLCLK
RCC.VCOI2SOutputFreq_Value=192000000
RCC.VCOInputFreq_Value=1000000
RCC.VCOOutputFreq_Value=336000000
RCC.VcooutputI2S=96000000
SH.ADCx_IN10.0=ADC1_IN10,IN10
SH.ADCx_IN10.ConfNb=1
SH.ADCx_IN11.0=ADC1_IN11,IN11
SH.ADCx_IN11.ConfNb=1
SH.ADCx_IN12.0=ADC1_IN12,IN12
SH.ADCx_IN12.ConfNb=1
SH.ADCx_IN13.0=ADC1_IN13,IN13
SH.ADCx_IN13.ConfNb=1
SH.ADCx_IN14.0=ADC1_IN14,IN14
SH.ADCx_IN14.ConfNb=1
SH.ADCx_IN2.0=ADC1_IN2,IN2
SH.ADCx_IN2.ConfNb=1
SH.ADCx_IN3.0=ADC1_IN3,IN3
SH.ADCx_IN3.ConfNb=1
SH.ADCx_IN4.0=ADC1_IN4,IN4
SH.ADCx_IN4.ConfNb=1
SH.ADCx_IN5.0=ADC1_IN5,IN5
SH.ADCx_IN5.ConfNb=1
SH.ADCx_IN6.0=ADC1_IN6,IN6
SH.ADCx_IN6.ConfNb=1
SH.ADCx_IN8.0=ADC1_IN8,IN8
SH.ADCx_IN8.ConfNb=1
SH.ADCx_IN9.0=ADC1_IN9,IN9
SH.ADCx_IN9.ConfNb=1
SH.S_TIM1_CH1.0=TIM1_CH1,PWM Generation1 CH1 CH1N
SH.S_TIM1_CH1.ConfNb=1
SH.S_TIM1_CH2.0=TIM1_CH2,PWM Generation2 CH2 CH2N
SH.S_TIM1_CH2.ConfNb=1
SH.S_TIM9_CH1.0=TIM9_CH1,PWM Generation1 CH1
SH.S_TIM9_CH1.ConfNb=1
SH.S_TIM9_CH2.0=TIM9_CH2,Output Compare2 CH2
SH.S_TIM9_CH2.ConfNb=1
TIM1.Channel-PWM\ Generation1\ CH1\ CH1N=TIM_CHANNEL_1
TIM1.Channel-PWM\ Generation2\ CH2\ CH2N=TIM_CHANNEL_2
TIM1.IPParameters=Channel-PWM Generation1 CH1 CH1N,Channel-PWM Generation2 CH2 CH2N,Prescaler,Period
TIM1.Period=999
TIM1.Prescaler=11
TIM7.IPParameters=Prescaler,Period
TIM7.Period=50000
TIM7.Prescaler=83
TIM9.Channel-Output\ Compare2\ CH2=TIM_CHANNEL_2
TIM9.Channel-PWM\ Generation1\ CH1=TIM_CHANNEL_1
TIM9.IPParameters=Channel-PWM Generation1 CH1,Prescaler,Period,Channel-Output Compare2 CH2
TIM9.Period=20000
TIM9.Prescaler=83
USART1.IPParameters=VirtualMode
USART1.VirtualMode=VM_ASYNC
USART2.IPParameters=VirtualMode
USART2.VirtualMode=VM_ASYNC
USART3.IPParameters=VirtualMode
USART3.VirtualMode=VM_ASYNC
VP_SYS_VS_Systick.Mode=SysTick
VP_SYS_VS_Systick.Signal=SYS_VS_Systick
VP_TIM1_VS_ClockSourceINT.Mode=Internal
VP_TIM1_VS_ClockSourceINT.Signal=TIM1_VS_ClockSourceINT
VP_TIM7_VS_ClockSourceINT.Mode=Enable_Timer
VP_TIM7_VS_ClockSourceINT.Signal=TIM7_VS_ClockSourceINT
VP_TIM9_VS_ClockSourceINT.Mode=Internal
VP_TIM9_VS_ClockSourceINT.Signal=TIM9_VS_ClockSourceINT
board=custom
